// !$*UTF8*$!
{
	archiveVersion = 1;
	classes = {
	};
	objectVersion = 46;
	objects = {

/* Begin PBXBuildFile section */
		F872D3061C4A093000655F0F /* assetViewerConstants.cpp in Sources */ = {isa = PBXBuildFile; fileRef = F872D3051C4A093000655F0F /* assetViewerConstants.cpp */; };
		F872D3071C4A093000655F0F /* assetViewerConstants.cpp in Sources */ = {isa = PBXBuildFile; fileRef = F872D3051C4A093000655F0F /* assetViewerConstants.cpp */; };
		F872D30A1C4A0F5A00655F0F /* particleViewerMode.cpp in Sources */ = {isa = PBXBuildFile; fileRef = F872D3091C4A0F5A00655F0F /* particleViewerMode.cpp */; };
		F872D30B1C4A0F5A00655F0F /* particleViewerMode.cpp in Sources */ = {isa = PBXBuildFile; fileRef = F872D3091C4A0F5A00655F0F /* particleViewerMode.cpp */; };
		F8DDD0601BD5204900183CFF /* soundViewerMode.h in Headers */ = {isa = PBXBuildFile; fileRef = F8DDD05F1BD5204900183CFF /* soundViewerMode.h */; };
		F8DDD0621BD5205A00183CFF /* soundViewerMode.cpp in Sources */ = {isa = PBXBuildFile; fileRef = F8DDD0611BD5205A00183CFF /* soundViewerMode.cpp */; };
		F8DDD1051BE0860C00183CFF /* soundViewerMode.cpp in Sources */ = {isa = PBXBuildFile; fileRef = F8DDD0611BD5205A00183CFF /* soundViewerMode.cpp */; };
		F8DDD1061BE0860C00183CFF /* assetViewerMode.cpp in Sources */ = {isa = PBXBuildFile; fileRef = F8E1B2D31AEE690A0045B0D2 /* assetViewerMode.cpp */; };
		F8DDD1071BE0860C00183CFF /* assetViewerOverlay.cpp in Sources */ = {isa = PBXBuildFile; fileRef = F8E1B2D41AEE690A0045B0D2 /* assetViewerOverlay.cpp */; };
		F8DDD1081BE0860C00183CFF /* assetViewerProgram.cpp in Sources */ = {isa = PBXBuildFile; fileRef = F8E1B2D51AEE690A0045B0D2 /* assetViewerProgram.cpp */; };
		F8DDD1091BE0860C00183CFF /* spriteViewerMode.cpp in Sources */ = {isa = PBXBuildFile; fileRef = F8E1B2D61AEE690A0045B0D2 /* spriteViewerMode.cpp */; };
		F8E1B2CD1AEE68F30045B0D2 /* assetViewerMessages.h in Headers */ = {isa = PBXBuildFile; fileRef = F8E1B2C81AEE68F20045B0D2 /* assetViewerMessages.h */; };
		F8E1B2CE1AEE68F30045B0D2 /* assetViewerMode.h in Headers */ = {isa = PBXBuildFile; fileRef = F8E1B2C91AEE68F30045B0D2 /* assetViewerMode.h */; };
		F8E1B2CF1AEE68F30045B0D2 /* assetViewerOverlay.h in Headers */ = {isa = PBXBuildFile; fileRef = F8E1B2CA1AEE68F30045B0D2 /* assetViewerOverlay.h */; };
		F8E1B2D01AEE68F30045B0D2 /* assetViewerProgram.h in Headers */ = {isa = PBXBuildFile; fileRef = F8E1B2CB1AEE68F30045B0D2 /* assetViewerProgram.h */; };
		F8E1B2D11AEE68F30045B0D2 /* spriteViewerMode.h in Headers */ = {isa = PBXBuildFile; fileRef = F8E1B2CC1AEE68F30045B0D2 /* spriteViewerMode.h */; };
		F8E1B2D71AEE690A0045B0D2 /* assetViewerMode.cpp in Sources */ = {isa = PBXBuildFile; fileRef = F8E1B2D31AEE690A0045B0D2 /* assetViewerMode.cpp */; };
		F8E1B2D81AEE690A0045B0D2 /* assetViewerOverlay.cpp in Sources */ = {isa = PBXBuildFile; fileRef = F8E1B2D41AEE690A0045B0D2 /* assetViewerOverlay.cpp */; };
		F8E1B2D91AEE690A0045B0D2 /* assetViewerProgram.cpp in Sources */ = {isa = PBXBuildFile; fileRef = F8E1B2D51AEE690A0045B0D2 /* assetViewerProgram.cpp */; };
		F8E1B2DA1AEE690A0045B0D2 /* spriteViewerMode.cpp in Sources */ = {isa = PBXBuildFile; fileRef = F8E1B2D61AEE690A0045B0D2 /* spriteViewerMode.cpp */; };
		F8EF914E1C28417700E96590 /* cursorOverlay.h in Headers */ = {isa = PBXBuildFile; fileRef = F8EF914C1C28417700E96590 /* cursorOverlay.h */; };
		F8EF914F1C28417700E96590 /* menuOverlay.h in Headers */ = {isa = PBXBuildFile; fileRef = F8EF914D1C28417700E96590 /* menuOverlay.h */; };
		F8EF91521C28418800E96590 /* cursorOverlay.cpp in Sources */ = {isa = PBXBuildFile; fileRef = F8EF91501C28418800E96590 /* cursorOverlay.cpp */; };
		F8EF91531C28418800E96590 /* menuOverlay.cpp in Sources */ = {isa = PBXBuildFile; fileRef = F8EF91511C28418800E96590 /* menuOverlay.cpp */; };
		F8EF91541C2AE03000E96590 /* cursorOverlay.cpp in Sources */ = {isa = PBXBuildFile; fileRef = F8EF91501C28418800E96590 /* cursorOverlay.cpp */; };
		F8EF91551C2AE03000E96590 /* menuOverlay.cpp in Sources */ = {isa = PBXBuildFile; fileRef = F8EF91511C28418800E96590 /* menuOverlay.cpp */; };
/* End PBXBuildFile section */

/* Begin PBXCopyFilesBuildPhase section */
		F8DDD0FA1BE0847900183CFF /* CopyFiles */ = {
			isa = PBXCopyFilesBuildPhase;
			buildActionMask = 2147483647;
			dstPath = "include/$(PRODUCT_NAME)";
			dstSubfolderSpec = 16;
			files = (
			);
			runOnlyForDeploymentPostprocessing = 0;
		};
/* End PBXCopyFilesBuildPhase section */

/* Begin PBXFileReference section */
		F872D3041C4A08FD00655F0F /* assetViewerConstants.h */ = {isa = PBXFileReference; lastKnownFileType = sourcecode.c.h; path = assetViewerConstants.h; sourceTree = "<group>"; };
		F872D3051C4A093000655F0F /* assetViewerConstants.cpp */ = {isa = PBXFileReference; fileEncoding = 4; lastKnownFileType = sourcecode.cpp.cpp; path = assetViewerConstants.cpp; sourceTree = "<group>"; };
		F872D3081C4A0F1000655F0F /* particleViewerMode.h */ = {isa = PBXFileReference; lastKnownFileType = sourcecode.c.h; path = particleViewerMode.h; sourceTree = "<group>"; };
		F872D3091C4A0F5A00655F0F /* particleViewerMode.cpp */ = {isa = PBXFileReference; fileEncoding = 4; lastKnownFileType = sourcecode.cpp.cpp; path = particleViewerMode.cpp; sourceTree = "<group>"; };
		F8DDD05F1BD5204900183CFF /* soundViewerMode.h */ = {isa = PBXFileReference; fileEncoding = 4; lastKnownFileType = sourcecode.c.h; path = soundViewerMode.h; sourceTree = "<group>"; };
		F8DDD0611BD5205A00183CFF /* soundViewerMode.cpp */ = {isa = PBXFileReference; fileEncoding = 4; lastKnownFileType = sourcecode.cpp.cpp; path = soundViewerMode.cpp; sourceTree = "<group>"; };
		F8DDD0FC1BE0847900183CFF /* libAssetViewer_IOS.a */ = {isa = PBXFileReference; explicitFileType = archive.ar; includeInIndex = 0; path = libAssetViewer_IOS.a; sourceTree = BUILT_PRODUCTS_DIR; };
		F8E1B2AD1AEE67EF0045B0D2 /* libAssetViewer.a */ = {isa = PBXFileReference; explicitFileType = archive.ar; includeInIndex = 0; path = libAssetViewer.a; sourceTree = BUILT_PRODUCTS_DIR; };
		F8E1B2C81AEE68F20045B0D2 /* assetViewerMessages.h */ = {isa = PBXFileReference; fileEncoding = 4; lastKnownFileType = sourcecode.c.h; path = assetViewerMessages.h; sourceTree = "<group>"; };
		F8E1B2C91AEE68F30045B0D2 /* assetViewerMode.h */ = {isa = PBXFileReference; fileEncoding = 4; lastKnownFileType = sourcecode.c.h; path = assetViewerMode.h; sourceTree = "<group>"; };
		F8E1B2CA1AEE68F30045B0D2 /* assetViewerOverlay.h */ = {isa = PBXFileReference; fileEncoding = 4; lastKnownFileType = sourcecode.c.h; path = assetViewerOverlay.h; sourceTree = "<group>"; };
		F8E1B2CB1AEE68F30045B0D2 /* assetViewerProgram.h */ = {isa = PBXFileReference; fileEncoding = 4; lastKnownFileType = sourcecode.c.h; path = assetViewerProgram.h; sourceTree = "<group>"; };
		F8E1B2CC1AEE68F30045B0D2 /* spriteViewerMode.h */ = {isa = PBXFileReference; fileEncoding = 4; lastKnownFileType = sourcecode.c.h; path = spriteViewerMode.h; sourceTree = "<group>"; };
		F8E1B2D31AEE690A0045B0D2 /* assetViewerMode.cpp */ = {isa = PBXFileReference; fileEncoding = 4; lastKnownFileType = sourcecode.cpp.cpp; path = assetViewerMode.cpp; sourceTree = "<group>"; };
		F8E1B2D41AEE690A0045B0D2 /* assetViewerOverlay.cpp */ = {isa = PBXFileReference; fileEncoding = 4; lastKnownFileType = sourcecode.cpp.cpp; path = assetViewerOverlay.cpp; sourceTree = "<group>"; };
		F8E1B2D51AEE690A0045B0D2 /* assetViewerProgram.cpp */ = {isa = PBXFileReference; fileEncoding = 4; lastKnownFileType = sourcecode.cpp.cpp; path = assetViewerProgram.cpp; sourceTree = "<group>"; };
		F8E1B2D61AEE690A0045B0D2 /* spriteViewerMode.cpp */ = {isa = PBXFileReference; fileEncoding = 4; lastKnownFileType = sourcecode.cpp.cpp; path = spriteViewerMode.cpp; sourceTree = "<group>"; };
		F8EF914C1C28417700E96590 /* cursorOverlay.h */ = {isa = PBXFileReference; fileEncoding = 4; lastKnownFileType = sourcecode.c.h; path = cursorOverlay.h; sourceTree = "<group>"; };
		F8EF914D1C28417700E96590 /* menuOverlay.h */ = {isa = PBXFileReference; fileEncoding = 4; lastKnownFileType = sourcecode.c.h; path = menuOverlay.h; sourceTree = "<group>"; };
		F8EF91501C28418800E96590 /* cursorOverlay.cpp */ = {isa = PBXFileReference; fileEncoding = 4; lastKnownFileType = sourcecode.cpp.cpp; path = cursorOverlay.cpp; sourceTree = "<group>"; };
		F8EF91511C28418800E96590 /* menuOverlay.cpp */ = {isa = PBXFileReference; fileEncoding = 4; lastKnownFileType = sourcecode.cpp.cpp; path = menuOverlay.cpp; sourceTree = "<group>"; };
/* End PBXFileReference section */

/* Begin PBXFrameworksBuildPhase section */
		F8DDD0F91BE0847900183CFF /* Frameworks */ = {
			isa = PBXFrameworksBuildPhase;
			buildActionMask = 2147483647;
			files = (
			);
			runOnlyForDeploymentPostprocessing = 0;
		};
		F8E1B2AA1AEE67EF0045B0D2 /* Frameworks */ = {
			isa = PBXFrameworksBuildPhase;
			buildActionMask = 2147483647;
			files = (
			);
			runOnlyForDeploymentPostprocessing = 0;
		};
/* End PBXFrameworksBuildPhase section */

/* Begin PBXGroup section */
		F8E1B2A41AEE67EF0045B0D2 = {
			isa = PBXGroup;
			children = (
				F8E1B2D21AEE690A0045B0D2 /* source */,
				F8E1B2C71AEE68F20045B0D2 /* include */,
				F8E1B2AE1AEE67EF0045B0D2 /* Products */,
			);
			sourceTree = "<group>";
		};
		F8E1B2AE1AEE67EF0045B0D2 /* Products */ = {
			isa = PBXGroup;
			children = (
				F8E1B2AD1AEE67EF0045B0D2 /* libAssetViewer.a */,
				F8DDD0FC1BE0847900183CFF /* libAssetViewer_IOS.a */,
			);
			name = Products;
			sourceTree = "<group>";
		};
		F8E1B2C71AEE68F20045B0D2 /* include */ = {
			isa = PBXGroup;
			children = (
				F8EF914C1C28417700E96590 /* cursorOverlay.h */,
				F8EF914D1C28417700E96590 /* menuOverlay.h */,
				F8E1B2C81AEE68F20045B0D2 /* assetViewerMessages.h */,
				F8E1B2C91AEE68F30045B0D2 /* assetViewerMode.h */,
				F8E1B2CA1AEE68F30045B0D2 /* assetViewerOverlay.h */,
				F8E1B2CB1AEE68F30045B0D2 /* assetViewerProgram.h */,
				F872D3041C4A08FD00655F0F /* assetViewerConstants.h */,
				F872D3081C4A0F1000655F0F /* particleViewerMode.h */,
				F8DDD05F1BD5204900183CFF /* soundViewerMode.h */,
				F8E1B2CC1AEE68F30045B0D2 /* spriteViewerMode.h */,
			);
			path = include;
			sourceTree = "<group>";
		};
		F8E1B2D21AEE690A0045B0D2 /* source */ = {
			isa = PBXGroup;
			children = (
				F8EF91501C28418800E96590 /* cursorOverlay.cpp */,
				F8EF91511C28418800E96590 /* menuOverlay.cpp */,
				F8E1B2D31AEE690A0045B0D2 /* assetViewerMode.cpp */,
				F8E1B2D41AEE690A0045B0D2 /* assetViewerOverlay.cpp */,
				F8E1B2D51AEE690A0045B0D2 /* assetViewerProgram.cpp */,
				F872D3051C4A093000655F0F /* assetViewerConstants.cpp */,
				F872D3091C4A0F5A00655F0F /* particleViewerMode.cpp */,
				F8DDD0611BD5205A00183CFF /* soundViewerMode.cpp */,
				F8E1B2D61AEE690A0045B0D2 /* spriteViewerMode.cpp */,
			);
			path = source;
			sourceTree = "<group>";
		};
/* End PBXGroup section */

/* Begin PBXHeadersBuildPhase section */
		F8E1B2AB1AEE67EF0045B0D2 /* Headers */ = {
			isa = PBXHeadersBuildPhase;
			buildActionMask = 2147483647;
			files = (
				F8EF914E1C28417700E96590 /* cursorOverlay.h in Headers */,
				F8E1B2D01AEE68F30045B0D2 /* assetViewerProgram.h in Headers */,
				F8EF914F1C28417700E96590 /* menuOverlay.h in Headers */,
				F8E1B2CE1AEE68F30045B0D2 /* assetViewerMode.h in Headers */,
				F8E1B2CD1AEE68F30045B0D2 /* assetViewerMessages.h in Headers */,
				F8DDD0601BD5204900183CFF /* soundViewerMode.h in Headers */,
				F8E1B2CF1AEE68F30045B0D2 /* assetViewerOverlay.h in Headers */,
				F8E1B2D11AEE68F30045B0D2 /* spriteViewerMode.h in Headers */,
			);
			runOnlyForDeploymentPostprocessing = 0;
		};
/* End PBXHeadersBuildPhase section */

/* Begin PBXNativeTarget section */
		F8DDD0FB1BE0847900183CFF /* AssetViewer_IOS */ = {
			isa = PBXNativeTarget;
			buildConfigurationList = F8DDD1021BE0847A00183CFF /* Build configuration list for PBXNativeTarget "AssetViewer_IOS" */;
			buildPhases = (
				F8DDD0F81BE0847900183CFF /* Sources */,
				F8DDD0F91BE0847900183CFF /* Frameworks */,
				F8DDD0FA1BE0847900183CFF /* CopyFiles */,
			);
			buildRules = (
			);
			dependencies = (
			);
			name = AssetViewer_IOS;
			productName = AssetViewer_IOS;
			productReference = F8DDD0FC1BE0847900183CFF /* libAssetViewer_IOS.a */;
			productType = "com.apple.product-type.library.static";
		};
		F8E1B2AC1AEE67EF0045B0D2 /* AssetViewer */ = {
			isa = PBXNativeTarget;
			buildConfigurationList = F8E1B2C11AEE67EF0045B0D2 /* Build configuration list for PBXNativeTarget "AssetViewer" */;
			buildPhases = (
				F8E1B2A91AEE67EF0045B0D2 /* Sources */,
				F8E1B2AA1AEE67EF0045B0D2 /* Frameworks */,
				F8E1B2AB1AEE67EF0045B0D2 /* Headers */,
			);
			buildRules = (
			);
			dependencies = (
			);
			name = AssetViewer;
			productName = AssetViewer;
			productReference = F8E1B2AD1AEE67EF0045B0D2 /* libAssetViewer.a */;
			productType = "com.apple.product-type.library.static";
		};
/* End PBXNativeTarget section */

/* Begin PBXProject section */
		F8E1B2A51AEE67EF0045B0D2 /* Project object */ = {
			isa = PBXProject;
			attributes = {
				LastUpgradeCheck = 0620;
				ORGANIZATIONNAME = "Michael Kron";
				TargetAttributes = {
					F8DDD0FB1BE0847900183CFF = {
						CreatedOnToolsVersion = 7.0.1;
					};
					F8E1B2AC1AEE67EF0045B0D2 = {
						CreatedOnToolsVersion = 6.2;
					};
				};
			};
			buildConfigurationList = F8E1B2A81AEE67EF0045B0D2 /* Build configuration list for PBXProject "AssetViewer" */;
			compatibilityVersion = "Xcode 3.2";
			developmentRegion = English;
			hasScannedForEncodings = 0;
			knownRegions = (
				en,
			);
			mainGroup = F8E1B2A41AEE67EF0045B0D2;
			productRefGroup = F8E1B2AE1AEE67EF0045B0D2 /* Products */;
			projectDirPath = "";
			projectRoot = "";
			targets = (
				F8E1B2AC1AEE67EF0045B0D2 /* AssetViewer */,
				F8DDD0FB1BE0847900183CFF /* AssetViewer_IOS */,
			);
		};
/* End PBXProject section */

/* Begin PBXSourcesBuildPhase section */
		F8DDD0F81BE0847900183CFF /* Sources */ = {
			isa = PBXSourcesBuildPhase;
			buildActionMask = 2147483647;
			files = (
				F872D3071C4A093000655F0F /* assetViewerConstants.cpp in Sources */,
				F872D30B1C4A0F5A00655F0F /* particleViewerMode.cpp in Sources */,
				F8EF91541C2AE03000E96590 /* cursorOverlay.cpp in Sources */,
				F8EF91551C2AE03000E96590 /* menuOverlay.cpp in Sources */,
				F8DDD1051BE0860C00183CFF /* soundViewerMode.cpp in Sources */,
				F8DDD1061BE0860C00183CFF /* assetViewerMode.cpp in Sources */,
				F8DDD1071BE0860C00183CFF /* assetViewerOverlay.cpp in Sources */,
				F8DDD1081BE0860C00183CFF /* assetViewerProgram.cpp in Sources */,
				F8DDD1091BE0860C00183CFF /* spriteViewerMode.cpp in Sources */,
			);
			runOnlyForDeploymentPostprocessing = 0;
		};
		F8E1B2A91AEE67EF0045B0D2 /* Sources */ = {
			isa = PBXSourcesBuildPhase;
			buildActionMask = 2147483647;
			files = (
				F872D3061C4A093000655F0F /* assetViewerConstants.cpp in Sources */,
				F872D30A1C4A0F5A00655F0F /* particleViewerMode.cpp in Sources */,
				F8EF91521C28418800E96590 /* cursorOverlay.cpp in Sources */,
				F8EF91531C28418800E96590 /* menuOverlay.cpp in Sources */,
				F8E1B2D71AEE690A0045B0D2 /* assetViewerMode.cpp in Sources */,
				F8E1B2D81AEE690A0045B0D2 /* assetViewerOverlay.cpp in Sources */,
				F8DDD0621BD5205A00183CFF /* soundViewerMode.cpp in Sources */,
				F8E1B2D91AEE690A0045B0D2 /* assetViewerProgram.cpp in Sources */,
				F8E1B2DA1AEE690A0045B0D2 /* spriteViewerMode.cpp in Sources */,
			);
			runOnlyForDeploymentPostprocessing = 0;
		};
/* End PBXSourcesBuildPhase section */

/* Begin XCBuildConfiguration section */
		F8DDD1031BE0847A00183CFF /* Debug */ = {
			isa = XCBuildConfiguration;
			buildSettings = {
				CLANG_ENABLE_OBJC_ARC = YES;
				DEBUG_INFORMATION_FORMAT = dwarf;
				ENABLE_TESTABILITY = YES;
				GCC_NO_COMMON_BLOCKS = YES;
				GCC_PREPROCESSOR_DEFINITIONS = (
					"DEBUG=1",
					"$(inherited)",
					LCT_IOS,
				);
				IPHONEOS_DEPLOYMENT_TARGET = 9.0;
				ONLY_ACTIVE_ARCH = NO;
				OTHER_LDFLAGS = "-ObjC";
				PRODUCT_NAME = "$(TARGET_NAME)";
				SDKROOT = iphoneos;
				SKIP_INSTALL = YES;
				VALID_ARCHS = "arm64 armv7 armv7s x86_64";
			};
			name = Debug;
		};
		F8DDD1041BE0847A00183CFF /* Release */ = {
			isa = XCBuildConfiguration;
			buildSettings = {
				CLANG_ENABLE_OBJC_ARC = YES;
				GCC_NO_COMMON_BLOCKS = YES;
				IPHONEOS_DEPLOYMENT_TARGET = 9.0;
				OTHER_LDFLAGS = "-ObjC";
				PRODUCT_NAME = "$(TARGET_NAME)";
				SDKROOT = iphoneos;
				SKIP_INSTALL = YES;
				VALIDATE_PRODUCT = YES;
			};
			name = Release;
		};
		F8E1B2BF1AEE67EF0045B0D2 /* Debug */ = {
			isa = XCBuildConfiguration;
			buildSettings = {
				ALWAYS_SEARCH_USER_PATHS = NO;
				ARCHS = "$(ARCHS_STANDARD)";
				CLANG_CXX_LANGUAGE_STANDARD = "gnu++0x";
				CLANG_CXX_LIBRARY = "libc++";
				CLANG_ENABLE_MODULES = YES;
				CLANG_ENABLE_OBJC_ARC = NO;
				CLANG_WARN_BOOL_CONVERSION = YES;
				CLANG_WARN_CONSTANT_CONVERSION = YES;
				CLANG_WARN_DIRECT_OBJC_ISA_USAGE = YES_ERROR;
				CLANG_WARN_EMPTY_BODY = YES;
				CLANG_WARN_ENUM_CONVERSION = YES;
				CLANG_WARN_INT_CONVERSION = YES;
				CLANG_WARN_OBJC_ROOT_CLASS = YES_ERROR;
				CLANG_WARN_UNREACHABLE_CODE = YES;
				CLANG_WARN__DUPLICATE_METHOD_MATCH = YES;
				COPY_PHASE_STRIP = NO;
				ENABLE_STRICT_OBJC_MSGSEND = YES;
				GCC_C_LANGUAGE_STANDARD = gnu99;
				GCC_DYNAMIC_NO_PIC = NO;
				GCC_OPTIMIZATION_LEVEL = 0;
				GCC_PREPROCESSOR_DEFINITIONS = (
					"DEBUG=1",
					"$(inherited)",
					LCT_DEBUG,
				);
				GCC_SYMBOLS_PRIVATE_EXTERN = NO;
				GCC_WARN_64_TO_32_BIT_CONVERSION = YES;
				GCC_WARN_ABOUT_RETURN_TYPE = YES_ERROR;
				GCC_WARN_UNDECLARED_SELECTOR = YES;
				GCC_WARN_UNINITIALIZED_AUTOS = YES_AGGRESSIVE;
				GCC_WARN_UNUSED_FUNCTION = YES;
				GCC_WARN_UNUSED_VARIABLE = YES;
				HEADER_SEARCH_PATHS = (
					"$(inherited)",
					/Applications/Xcode.app/Contents/Developer/Toolchains/XcodeDefault.xctoolchain/usr/include,
					"$(PROJECT_DIR)/../LifecycleRuntime/include",
					"$(PROJECT_DIR)/../Prebuilt/include",
				);
				MACOSX_DEPLOYMENT_TARGET = 10.10;
				MTL_ENABLE_DEBUG_INFO = YES;
				ONLY_ACTIVE_ARCH = NO;
				SDKROOT = macosx;
			};
			name = Debug;
		};
		F8E1B2C01AEE67EF0045B0D2 /* Release */ = {
			isa = XCBuildConfiguration;
			buildSettings = {
				ALWAYS_SEARCH_USER_PATHS = NO;
				ARCHS = "$(ARCHS_STANDARD)";
				CLANG_CXX_LANGUAGE_STANDARD = "gnu++0x";
				CLANG_CXX_LIBRARY = "libc++";
				CLANG_ENABLE_MODULES = YES;
				CLANG_ENABLE_OBJC_ARC = NO;
				CLANG_WARN_BOOL_CONVERSION = YES;
				CLANG_WARN_CONSTANT_CONVERSION = YES;
				CLANG_WARN_DIRECT_OBJC_ISA_USAGE = YES_ERROR;
				CLANG_WARN_EMPTY_BODY = YES;
				CLANG_WARN_ENUM_CONVERSION = YES;
				CLANG_WARN_INT_CONVERSION = YES;
				CLANG_WARN_OBJC_ROOT_CLASS = YES_ERROR;
				CLANG_WARN_UNREACHABLE_CODE = YES;
				CLANG_WARN__DUPLICATE_METHOD_MATCH = YES;
				COPY_PHASE_STRIP = NO;
				DEBUG_INFORMATION_FORMAT = "dwarf-with-dsym";
				ENABLE_NS_ASSERTIONS = NO;
				ENABLE_STRICT_OBJC_MSGSEND = YES;
				GCC_C_LANGUAGE_STANDARD = gnu99;
				GCC_WARN_64_TO_32_BIT_CONVERSION = YES;
				GCC_WARN_ABOUT_RETURN_TYPE = YES_ERROR;
				GCC_WARN_UNDECLARED_SELECTOR = YES;
				GCC_WARN_UNINITIALIZED_AUTOS = YES_AGGRESSIVE;
				GCC_WARN_UNUSED_FUNCTION = YES;
				GCC_WARN_UNUSED_VARIABLE = YES;
				HEADER_SEARCH_PATHS = (
					"$(inherited)",
					/Applications/Xcode.app/Contents/Developer/Toolchains/XcodeDefault.xctoolchain/usr/include,
					"$(PROJECT_DIR)/../LifecycleRuntime/include",
					"$(PROJECT_DIR)/../Prebuilt/include",
				);
				MACOSX_DEPLOYMENT_TARGET = 10.10;
				MTL_ENABLE_DEBUG_INFO = NO;
				SDKROOT = macosx;
			};
			name = Release;
		};
		F8E1B2C21AEE67EF0045B0D2 /* Debug */ = {
			isa = XCBuildConfiguration;
			buildSettings = {
				ARCHS = "$(ARCHS_STANDARD_32_BIT)";
				EXECUTABLE_PREFIX = lib;
				GCC_PREPROCESSOR_DEFINITIONS = (
					"DEBUG=1",
					"$(inherited)",
					LCT_DEBUG,
					LCT_OSX,
				);
				PRODUCT_NAME = "$(TARGET_NAME)";
			};
			name = Debug;
		};
		F8E1B2C31AEE67EF0045B0D2 /* Release */ = {
			isa = XCBuildConfiguration;
			buildSettings = {
				ARCHS = "$(ARCHS_STANDARD_32_BIT)";
				EXECUTABLE_PREFIX = lib;
				PRODUCT_NAME = "$(TARGET_NAME)";
			};
			name = Release;
		};
/* End XCBuildConfiguration section */

/* Begin XCConfigurationList section */
		F8DDD1021BE0847A00183CFF /* Build configuration list for PBXNativeTarget "AssetViewer_IOS" */ = {
			isa = XCConfigurationList;
			buildConfigurations = (
				F8DDD1031BE0847A00183CFF /* Debug */,
				F8DDD1041BE0847A00183CFF /* Release */,
			);
			defaultConfigurationIsVisible = 0;
			defaultConfigurationName = Release;
		};
		F8E1B2A81AEE67EF0045B0D2 /* Build configuration list for PBXProject "AssetViewer" */ = {
			isa = XCConfigurationList;
			buildConfigurations = (
				F8E1B2BF1AEE67EF0045B0D2 /* Debug */,
				F8E1B2C01AEE67EF0045B0D2 /* Release */,
			);
			defaultConfigurationIsVisible = 0;
			defaultConfigurationName = Release;
		};
		F8E1B2C11AEE67EF0045B0D2 /* Build configuration list for PBXNativeTarget "AssetViewer" */ = {
			isa = XCConfigurationList;
			buildConfigurations = (
				F8E1B2C21AEE67EF0045B0D2 /* Debug */,
				F8E1B2C31AEE67EF0045B0D2 /* Release */,
			);
			defaultConfigurationIsVisible = 0;
			defaultConfigurationName = Release;
		};
/* End XCConfigurationList section */
	};
	rootObject = F8E1B2A51AEE67EF0045B0D2 /* Project object */;
}
